// !$*UTF8*$!
{
	archiveVersion = 1;
	classes = {
	};
	objectVersion = 56;
	objects = {

/* Begin PBXBuildFile section */
		4D5E8B662BBEB80300912446 /* HomeView.swift in Sources */ = {isa = PBXBuildFile; fileRef = 4D5E8B652BBEB80300912446 /* HomeView.swift */; };
		4D5E8B682BBEB82800912446 /* TabbarView.swift in Sources */ = {isa = PBXBuildFile; fileRef = 4D5E8B672BBEB82800912446 /* TabbarView.swift */; };
		4D5E8B6B2BBEB9D900912446 /* TeacherHomeView.swift in Sources */ = {isa = PBXBuildFile; fileRef = 4D5E8B6A2BBEB9D900912446 /* TeacherHomeView.swift */; };
		4D85EBE92BA9A69200E2A399 /* Alamofire in Frameworks */ = {isa = PBXBuildFile; productRef = 4D85EBE82BA9A69200E2A399 /* Alamofire */; };
		4D85EBEB2BA9A69200E2A399 /* AlamofireDynamic in Frameworks */ = {isa = PBXBuildFile; productRef = 4D85EBEA2BA9A69200E2A399 /* AlamofireDynamic */; };
		4D85EBEF2BB2A6DE00E2A399 /* LaunchScreen.storyboard in Resources */ = {isa = PBXBuildFile; fileRef = 4D85EBEE2BB2A6DE00E2A399 /* LaunchScreen.storyboard */; };
		4DD9FB682B9FD89800EF5DFC /* KeepApp.swift in Sources */ = {isa = PBXBuildFile; fileRef = 4DD9FB672B9FD89800EF5DFC /* KeepApp.swift */; };
		4DD9FB6A2B9FD89800EF5DFC /* ContentView.swift in Sources */ = {isa = PBXBuildFile; fileRef = 4DD9FB692B9FD89800EF5DFC /* ContentView.swift */; };
		4DD9FB6C2B9FD89B00EF5DFC /* Assets.xcassets in Resources */ = {isa = PBXBuildFile; fileRef = 4DD9FB6B2B9FD89B00EF5DFC /* Assets.xcassets */; };
		4DD9FB6F2B9FD89B00EF5DFC /* Preview Assets.xcassets in Resources */ = {isa = PBXBuildFile; fileRef = 4DD9FB6E2B9FD89B00EF5DFC /* Preview Assets.xcassets */; };
		4DD9FB792B9FD95100EF5DFC /* LoginView.swift in Sources */ = {isa = PBXBuildFile; fileRef = 4DD9FB782B9FD95100EF5DFC /* LoginView.swift */; };
		4DD9FB7B2B9FD95B00EF5DFC /* SignupView.swift in Sources */ = {isa = PBXBuildFile; fileRef = 4DD9FB7A2B9FD95B00EF5DFC /* SignupView.swift */; };
		4DD9FB7D2BA2724200EF5DFC /* ColorExtension.swift in Sources */ = {isa = PBXBuildFile; fileRef = 4DD9FB7C2BA2724200EF5DFC /* ColorExtension.swift */; };
/* End PBXBuildFile section */

/* Begin PBXFileReference section */
		4D5E8B652BBEB80300912446 /* HomeView.swift */ = {isa = PBXFileReference; lastKnownFileType = sourcecode.swift; path = HomeView.swift; sourceTree = "<group>"; };
		4D5E8B672BBEB82800912446 /* TabbarView.swift */ = {isa = PBXFileReference; lastKnownFileType = sourcecode.swift; path = TabbarView.swift; sourceTree = "<group>"; };
		4D5E8B6A2BBEB9D900912446 /* TeacherHomeView.swift */ = {isa = PBXFileReference; lastKnownFileType = sourcecode.swift; path = TeacherHomeView.swift; sourceTree = "<group>"; };
		4D85EBEE2BB2A6DE00E2A399 /* LaunchScreen.storyboard */ = {isa = PBXFileReference; lastKnownFileType = file.storyboard; path = LaunchScreen.storyboard; sourceTree = "<group>"; };
		4D85EBF02BB2AAA400E2A399 /* Info.plist */ = {isa = PBXFileReference; lastKnownFileType = text.plist; path = Info.plist; sourceTree = "<group>"; };
		4DD9FB642B9FD89800EF5DFC /* Keep.app */ = {isa = PBXFileReference; explicitFileType = wrapper.application; includeInIndex = 0; path = Keep.app; sourceTree = BUILT_PRODUCTS_DIR; };
		4DD9FB672B9FD89800EF5DFC /* KeepApp.swift */ = {isa = PBXFileReference; lastKnownFileType = sourcecode.swift; path = KeepApp.swift; sourceTree = "<group>"; };
		4DD9FB692B9FD89800EF5DFC /* ContentView.swift */ = {isa = PBXFileReference; lastKnownFileType = sourcecode.swift; path = ContentView.swift; sourceTree = "<group>"; };
		4DD9FB6B2B9FD89B00EF5DFC /* Assets.xcassets */ = {isa = PBXFileReference; lastKnownFileType = folder.assetcatalog; path = Assets.xcassets; sourceTree = "<group>"; };
		4DD9FB6E2B9FD89B00EF5DFC /* Preview Assets.xcassets */ = {isa = PBXFileReference; lastKnownFileType = folder.assetcatalog; path = "Preview Assets.xcassets"; sourceTree = "<group>"; };
		4DD9FB782B9FD95100EF5DFC /* LoginView.swift */ = {isa = PBXFileReference; lastKnownFileType = sourcecode.swift; path = LoginView.swift; sourceTree = "<group>"; };
		4DD9FB7A2B9FD95B00EF5DFC /* SignupView.swift */ = {isa = PBXFileReference; lastKnownFileType = sourcecode.swift; path = SignupView.swift; sourceTree = "<group>"; };
		4DD9FB7C2BA2724200EF5DFC /* ColorExtension.swift */ = {isa = PBXFileReference; lastKnownFileType = sourcecode.swift; path = ColorExtension.swift; sourceTree = "<group>"; };
/* End PBXFileReference section */

/* Begin PBXFrameworksBuildPhase section */
		4DD9FB612B9FD89800EF5DFC /* Frameworks */ = {
			isa = PBXFrameworksBuildPhase;
			buildActionMask = 2147483647;
			files = (
				4D85EBE92BA9A69200E2A399 /* Alamofire in Frameworks */,
				4D85EBEB2BA9A69200E2A399 /* AlamofireDynamic in Frameworks */,
			);
			runOnlyForDeploymentPostprocessing = 0;
		};
/* End PBXFrameworksBuildPhase section */

/* Begin PBXGroup section */
		4D5E8B692BBEB98B00912446 /* Teacher */ = {
			isa = PBXGroup;
			children = (
				4D5E8B6A2BBEB9D900912446 /* TeacherHomeView.swift */,
			);
			path = Teacher;
			sourceTree = "<group>";
		};
		4DD9FB5B2B9FD89800EF5DFC = {
			isa = PBXGroup;
			children = (
				4DD9FB662B9FD89800EF5DFC /* Keep */,
				4DD9FB652B9FD89800EF5DFC /* Products */,
			);
			sourceTree = "<group>";
		};
		4DD9FB652B9FD89800EF5DFC /* Products */ = {
			isa = PBXGroup;
			children = (
				4DD9FB642B9FD89800EF5DFC /* Keep.app */,
			);
			name = Products;
			sourceTree = "<group>";
		};
		4DD9FB662B9FD89800EF5DFC /* Keep */ = {
			isa = PBXGroup;
			children = (
				4D85EBF02BB2AAA400E2A399 /* Info.plist */,
				4DD9FB672B9FD89800EF5DFC /* KeepApp.swift */,
				4DD9FB692B9FD89800EF5DFC /* ContentView.swift */,
				4D5E8B652BBEB80300912446 /* HomeView.swift */,
				4D5E8B672BBEB82800912446 /* TabbarView.swift */,
				4DD9FB7C2BA2724200EF5DFC /* ColorExtension.swift */,
				4D5E8B692BBEB98B00912446 /* Teacher */,
				4DD9FB772B9FD92A00EF5DFC /* login & sign up */,
				4DD9FB6B2B9FD89B00EF5DFC /* Assets.xcassets */,
				4DD9FB6D2B9FD89B00EF5DFC /* Preview Content */,
				4D85EBEE2BB2A6DE00E2A399 /* LaunchScreen.storyboard */,
			);
			path = Keep;
			sourceTree = "<group>";
		};
		4DD9FB6D2B9FD89B00EF5DFC /* Preview Content */ = {
			isa = PBXGroup;
			children = (
				4DD9FB6E2B9FD89B00EF5DFC /* Preview Assets.xcassets */,
			);
			path = "Preview Content";
			sourceTree = "<group>";
		};
		4DD9FB772B9FD92A00EF5DFC /* login & sign up */ = {
			isa = PBXGroup;
			children = (
				4DD9FB782B9FD95100EF5DFC /* LoginView.swift */,
				4DD9FB7A2B9FD95B00EF5DFC /* SignupView.swift */,
			);
			path = "login & sign up";
			sourceTree = "<group>";
		};
/* End PBXGroup section */

/* Begin PBXNativeTarget section */
		4DD9FB632B9FD89800EF5DFC /* Keep */ = {
			isa = PBXNativeTarget;
			buildConfigurationList = 4DD9FB722B9FD89B00EF5DFC /* Build configuration list for PBXNativeTarget "Keep" */;
			buildPhases = (
				4DD9FB602B9FD89800EF5DFC /* Sources */,
				4DD9FB612B9FD89800EF5DFC /* Frameworks */,
				4DD9FB622B9FD89800EF5DFC /* Resources */,
			);
			buildRules = (
			);
			dependencies = (
			);
			name = Keep;
			packageProductDependencies = (
				4D85EBE82BA9A69200E2A399 /* Alamofire */,
				4D85EBEA2BA9A69200E2A399 /* AlamofireDynamic */,
			);
			productName = Keep;
			productReference = 4DD9FB642B9FD89800EF5DFC /* Keep.app */;
			productType = "com.apple.product-type.application";
		};
/* End PBXNativeTarget section */

/* Begin PBXProject section */
		4DD9FB5C2B9FD89800EF5DFC /* Project object */ = {
			isa = PBXProject;
			attributes = {
				BuildIndependentTargetsInParallel = 1;
				LastSwiftUpdateCheck = 1520;
				LastUpgradeCheck = 1520;
				TargetAttributes = {
					4DD9FB632B9FD89800EF5DFC = {
						CreatedOnToolsVersion = 15.2;
					};
				};
			};
			buildConfigurationList = 4DD9FB5F2B9FD89800EF5DFC /* Build configuration list for PBXProject "Keep" */;
			compatibilityVersion = "Xcode 14.0";
			developmentRegion = en;
			hasScannedForEncodings = 0;
			knownRegions = (
				en,
				Base,
			);
			mainGroup = 4DD9FB5B2B9FD89800EF5DFC;
			packageReferences = (
				4D85EBE72BA9A69200E2A399 /* XCRemoteSwiftPackageReference "Alamofire" */,
			);
			productRefGroup = 4DD9FB652B9FD89800EF5DFC /* Products */;
			projectDirPath = "";
			projectRoot = "";
			targets = (
				4DD9FB632B9FD89800EF5DFC /* Keep */,
			);
		};
/* End PBXProject section */

/* Begin PBXResourcesBuildPhase section */
		4DD9FB622B9FD89800EF5DFC /* Resources */ = {
			isa = PBXResourcesBuildPhase;
			buildActionMask = 2147483647;
			files = (
				4D85EBEF2BB2A6DE00E2A399 /* LaunchScreen.storyboard in Resources */,
				4DD9FB6F2B9FD89B00EF5DFC /* Preview Assets.xcassets in Resources */,
				4DD9FB6C2B9FD89B00EF5DFC /* Assets.xcassets in Resources */,
			);
			runOnlyForDeploymentPostprocessing = 0;
		};
/* End PBXResourcesBuildPhase section */

/* Begin PBXSourcesBuildPhase section */
		4DD9FB602B9FD89800EF5DFC /* Sources */ = {
			isa = PBXSourcesBuildPhase;
			buildActionMask = 2147483647;
			files = (
				4D5E8B6B2BBEB9D900912446 /* TeacherHomeView.swift in Sources */,
				4DD9FB7B2B9FD95B00EF5DFC /* SignupView.swift in Sources */,
				4D5E8B682BBEB82800912446 /* TabbarView.swift in Sources */,
				4DD9FB792B9FD95100EF5DFC /* LoginView.swift in Sources */,
				4DD9FB6A2B9FD89800EF5DFC /* ContentView.swift in Sources */,
				4D5E8B662BBEB80300912446 /* HomeView.swift in Sources */,
				4DD9FB682B9FD89800EF5DFC /* KeepApp.swift in Sources */,
				4DD9FB7D2BA2724200EF5DFC /* ColorExtension.swift in Sources */,
			);
			runOnlyForDeploymentPostprocessing = 0;
		};
/* End PBXSourcesBuildPhase section */

/* Begin XCBuildConfiguration section */
		4DD9FB702B9FD89B00EF5DFC /* Debug */ = {
			isa = XCBuildConfiguration;
			buildSettings = {
				ALWAYS_SEARCH_USER_PATHS = NO;
				ASSETCATALOG_COMPILER_GENERATE_SWIFT_ASSET_SYMBOL_EXTENSIONS = YES;
				CLANG_ANALYZER_NONNULL = YES;
				CLANG_ANALYZER_NUMBER_OBJECT_CONVERSION = YES_AGGRESSIVE;
				CLANG_CXX_LANGUAGE_STANDARD = "gnu++20";
				CLANG_ENABLE_MODULES = YES;
				CLANG_ENABLE_OBJC_ARC = YES;
				CLANG_ENABLE_OBJC_WEAK = YES;
				CLANG_WARN_BLOCK_CAPTURE_AUTORELEASING = YES;
				CLANG_WARN_BOOL_CONVERSION = YES;
				CLANG_WARN_COMMA = YES;
				CLANG_WARN_CONSTANT_CONVERSION = YES;
				CLANG_WARN_DEPRECATED_OBJC_IMPLEMENTATIONS = YES;
				CLANG_WARN_DIRECT_OBJC_ISA_USAGE = YES_ERROR;
				CLANG_WARN_DOCUMENTATION_COMMENTS = YES;
				CLANG_WARN_EMPTY_BODY = YES;
				CLANG_WARN_ENUM_CONVERSION = YES;
				CLANG_WARN_INFINITE_RECURSION = YES;
				CLANG_WARN_INT_CONVERSION = YES;
				CLANG_WARN_NON_LITERAL_NULL_CONVERSION = YES;
				CLANG_WARN_OBJC_IMPLICIT_RETAIN_SELF = YES;
				CLANG_WARN_OBJC_LITERAL_CONVERSION = YES;
				CLANG_WARN_OBJC_ROOT_CLASS = YES_ERROR;
				CLANG_WARN_QUOTED_INCLUDE_IN_FRAMEWORK_HEADER = YES;
				CLANG_WARN_RANGE_LOOP_ANALYSIS = YES;
				CLANG_WARN_STRICT_PROTOTYPES = YES;
				CLANG_WARN_SUSPICIOUS_MOVE = YES;
				CLANG_WARN_UNGUARDED_AVAILABILITY = YES_AGGRESSIVE;
				CLANG_WARN_UNREACHABLE_CODE = YES;
				CLANG_WARN__DUPLICATE_METHOD_MATCH = YES;
				COPY_PHASE_STRIP = NO;
				DEBUG_INFORMATION_FORMAT = dwarf;
				ENABLE_STRICT_OBJC_MSGSEND = YES;
				ENABLE_TESTABILITY = YES;
				ENABLE_USER_SCRIPT_SANDBOXING = YES;
				GCC_C_LANGUAGE_STANDARD = gnu17;
				GCC_DYNAMIC_NO_PIC = NO;
				GCC_NO_COMMON_BLOCKS = YES;
				GCC_OPTIMIZATION_LEVEL = 0;
				GCC_PREPROCESSOR_DEFINITIONS = (
					"DEBUG=1",
					"$(inherited)",
				);
				GCC_WARN_64_TO_32_BIT_CONVERSION = YES;
				GCC_WARN_ABOUT_RETURN_TYPE = YES_ERROR;
				GCC_WARN_UNDECLARED_SELECTOR = YES;
				GCC_WARN_UNINITIALIZED_AUTOS = YES_AGGRESSIVE;
				GCC_WARN_UNUSED_FUNCTION = YES;
				GCC_WARN_UNUSED_VARIABLE = YES;
				IPHONEOS_DEPLOYMENT_TARGET = 17.2;
				LOCALIZATION_PREFERS_STRING_CATALOGS = YES;
				MTL_ENABLE_DEBUG_INFO = INCLUDE_SOURCE;
				MTL_FAST_MATH = YES;
				ONLY_ACTIVE_ARCH = YES;
				SDKROOT = iphoneos;
				SWIFT_ACTIVE_COMPILATION_CONDITIONS = "DEBUG $(inherited)";
				SWIFT_OPTIMIZATION_LEVEL = "-Onone";
			};
			name = Debug;
		};
		4DD9FB712B9FD89B00EF5DFC /* Release */ = {
			isa = XCBuildConfiguration;
			buildSettings = {
				ALWAYS_SEARCH_USER_PATHS = NO;
				ASSETCATALOG_COMPILER_GENERATE_SWIFT_ASSET_SYMBOL_EXTENSIONS = YES;
				CLANG_ANALYZER_NONNULL = YES;
				CLANG_ANALYZER_NUMBER_OBJECT_CONVERSION = YES_AGGRESSIVE;
				CLANG_CXX_LANGUAGE_STANDARD = "gnu++20";
				CLANG_ENABLE_MODULES = YES;
				CLANG_ENABLE_OBJC_ARC = YES;
				CLANG_ENABLE_OBJC_WEAK = YES;
				CLANG_WARN_BLOCK_CAPTURE_AUTORELEASING = YES;
				CLANG_WARN_BOOL_CONVERSION = YES;
				CLANG_WARN_COMMA = YES;
				CLANG_WARN_CONSTANT_CONVERSION = YES;
				CLANG_WARN_DEPRECATED_OBJC_IMPLEMENTATIONS = YES;
				CLANG_WARN_DIRECT_OBJC_ISA_USAGE = YES_ERROR;
				CLANG_WARN_DOCUMENTATION_COMMENTS = YES;
				CLANG_WARN_EMPTY_BODY = YES;
				CLANG_WARN_ENUM_CONVERSION = YES;
				CLANG_WARN_INFINITE_RECURSION = YES;
				CLANG_WARN_INT_CONVERSION = YES;
				CLANG_WARN_NON_LITERAL_NULL_CONVERSION = YES;
				CLANG_WARN_OBJC_IMPLICIT_RETAIN_SELF = YES;
				CLANG_WARN_OBJC_LITERAL_CONVERSION = YES;
				CLANG_WARN_OBJC_ROOT_CLASS = YES_ERROR;
				CLANG_WARN_QUOTED_INCLUDE_IN_FRAMEWORK_HEADER = YES;
				CLANG_WARN_RANGE_LOOP_ANALYSIS = YES;
				CLANG_WARN_STRICT_PROTOTYPES = YES;
				CLANG_WARN_SUSPICIOUS_MOVE = YES;
				CLANG_WARN_UNGUARDED_AVAILABILITY = YES_AGGRESSIVE;
				CLANG_WARN_UNREACHABLE_CODE = YES;
				CLANG_WARN__DUPLICATE_METHOD_MATCH = YES;
				COPY_PHASE_STRIP = NO;
				DEBUG_INFORMATION_FORMAT = "dwarf-with-dsym";
				ENABLE_NS_ASSERTIONS = NO;
				ENABLE_STRICT_OBJC_MSGSEND = YES;
				ENABLE_USER_SCRIPT_SANDBOXING = YES;
				GCC_C_LANGUAGE_STANDARD = gnu17;
				GCC_NO_COMMON_BLOCKS = YES;
				GCC_WARN_64_TO_32_BIT_CONVERSION = YES;
				GCC_WARN_ABOUT_RETURN_TYPE = YES_ERROR;
				GCC_WARN_UNDECLARED_SELECTOR = YES;
				GCC_WARN_UNINITIALIZED_AUTOS = YES_AGGRESSIVE;
				GCC_WARN_UNUSED_FUNCTION = YES;
				GCC_WARN_UNUSED_VARIABLE = YES;
				IPHONEOS_DEPLOYMENT_TARGET = 17.2;
				LOCALIZATION_PREFERS_STRING_CATALOGS = YES;
				MTL_ENABLE_DEBUG_INFO = NO;
				MTL_FAST_MATH = YES;
				SDKROOT = iphoneos;
				SWIFT_COMPILATION_MODE = wholemodule;
				VALIDATE_PRODUCT = YES;
			};
			name = Release;
		};
		4DD9FB732B9FD89B00EF5DFC /* Debug */ = {
			isa = XCBuildConfiguration;
			buildSettings = {
				ASSETCATALOG_COMPILER_APPICON_NAME = AppIcon;
				ASSETCATALOG_COMPILER_GLOBAL_ACCENT_COLOR_NAME = AccentColor;
				CODE_SIGN_STYLE = Automatic;
				CURRENT_PROJECT_VERSION = 1;
				DEVELOPMENT_ASSET_PATHS = "\"Keep/Preview Content\"";
				ENABLE_PREVIEWS = YES;
				GENERATE_INFOPLIST_FILE = YES;
				INFOPLIST_FILE = Keep/Info.plist;
				INFOPLIST_KEY_UIApplicationSceneManifest_Generation = YES;
				INFOPLIST_KEY_UIApplicationSupportsIndirectInputEvents = YES;
				INFOPLIST_KEY_UILaunchStoryboardName = LaunchScreen.storyboard;
				INFOPLIST_KEY_UISupportedInterfaceOrientations_iPad = "UIInterfaceOrientationPortrait UIInterfaceOrientationPortraitUpsideDown UIInterfaceOrientationLandscapeLeft UIInterfaceOrientationLandscapeRight";
				INFOPLIST_KEY_UISupportedInterfaceOrientations_iPhone = "UIInterfaceOrientationPortrait UIInterfaceOrientationLandscapeLeft UIInterfaceOrientationLandscapeRight";
				LD_RUNPATH_SEARCH_PATHS = (
					"$(inherited)",
					"@executable_path/Frameworks",
				);
				MARKETING_VERSION = 1.0;
				PRODUCT_BUNDLE_IDENTIFIER = bibiga.Keep;
				PRODUCT_NAME = "$(TARGET_NAME)";
				SWIFT_EMIT_LOC_STRINGS = YES;
				SWIFT_VERSION = 5.0;
				TARGETED_DEVICE_FAMILY = "1,2";
			};
			name = Debug;
		};
		4DD9FB742B9FD89B00EF5DFC /* Release */ = {
			isa = XCBuildConfiguration;
			buildSettings = {
				ASSETCATALOG_COMPILER_APPICON_NAME = AppIcon;
				ASSETCATALOG_COMPILER_GLOBAL_ACCENT_COLOR_NAME = AccentColor;
				CODE_SIGN_STYLE = Automatic;
				CURRENT_PROJECT_VERSION = 1;
				DEVELOPMENT_ASSET_PATHS = "\"Keep/Preview Content\"";
				ENABLE_PREVIEWS = YES;
				GENERATE_INFOPLIST_FILE = YES;
				INFOPLIST_FILE = Keep/Info.plist;
				INFOPLIST_KEY_UIApplicationSceneManifest_Generation = YES;
				INFOPLIST_KEY_UIApplicationSupportsIndirectInputEvents = YES;
				INFOPLIST_KEY_UILaunchStoryboardName = LaunchScreen.storyboard;
				INFOPLIST_KEY_UISupportedInterfaceOrientations_iPad = "UIInterfaceOrientationPortrait UIInterfaceOrientationPortraitUpsideDown UIInterfaceOrientationLandscapeLeft UIInterfaceOrientationLandscapeRight";
				INFOPLIST_KEY_UISupportedInterfaceOrientations_iPhone = "UIInterfaceOrientationPortrait UIInterfaceOrientationLandscapeLeft UIInterfaceOrientationLandscapeRight";
				LD_RUNPATH_SEARCH_PATHS = (
					"$(inherited)",
					"@executable_path/Frameworks",
				);
				MARKETING_VERSION = 1.0;
				PRODUCT_BUNDLE_IDENTIFIER = bibiga.Keep;
				PRODUCT_NAME = "$(TARGET_NAME)";
				SWIFT_EMIT_LOC_STRINGS = YES;
				SWIFT_VERSION = 5.0;
				TARGETED_DEVICE_FAMILY = "1,2";
			};
			name = Release;
		};
/* End XCBuildConfiguration section */

/* Begin XCConfigurationList section */
		4DD9FB5F2B9FD89800EF5DFC /* Build configuration list for PBXProject "Keep" */ = {
			isa = XCConfigurationList;
			buildConfigurations = (
				4DD9FB702B9FD89B00EF5DFC /* Debug */,
				4DD9FB712B9FD89B00EF5DFC /* Release */,
			);
			defaultConfigurationIsVisible = 0;
			defaultConfigurationName = Release;
		};
		4DD9FB722B9FD89B00EF5DFC /* Build configuration list for PBXNativeTarget "Keep" */ = {
			isa = XCConfigurationList;
			buildConfigurations = (
				4DD9FB732B9FD89B00EF5DFC /* Debug */,
				4DD9FB742B9FD89B00EF5DFC /* Release */,
			);
			defaultConfigurationIsVisible = 0;
			defaultConfigurationName = Release;
		};
/* End XCConfigurationList section */

/* Begin XCRemoteSwiftPackageReference section */
		4D85EBE72BA9A69200E2A399 /* XCRemoteSwiftPackageReference "Alamofire" */ = {
			isa = XCRemoteSwiftPackageReference;
			repositoryURL = "https://github.com/Alamofire/Alamofire";
			requirement = {
				kind = upToNextMajorVersion;
				minimumVersion = 5.9.0;
			};
		};
/* End XCRemoteSwiftPackageReference section */

/* Begin XCSwiftPackageProductDependency section */
		4D85EBE82BA9A69200E2A399 /* Alamofire */ = {
			isa = XCSwiftPackageProductDependency;
			package = 4D85EBE72BA9A69200E2A399 /* XCRemoteSwiftPackageReference "Alamofire" */;
			productName = Alamofire;
		};
		4D85EBEA2BA9A69200E2A399 /* AlamofireDynamic */ = {
			isa = XCSwiftPackageProductDependency;
			package = 4D85EBE72BA9A69200E2A399 /* XCRemoteSwiftPackageReference "Alamofire" */;
			productName = AlamofireDynamic;
		};
/* End XCSwiftPackageProductDependency section */
	};
	rootObject = 4DD9FB5C2B9FD89800EF5DFC /* Project object */;
}
